{
  "nodes": {
    "nixpkgs": {
      "locked": {
        "lastModified": 1673612960,
        "narHash": "sha256-DWR7hrbecJKmUJCswk9MXZta710mq+3jZwTvHU/UfyY=",
        "owner": "NixOS",
        "repo": "nixpkgs",
        "rev": "e285dd0ca97c264003867c7329f0d1f4f028739c",
        "type": "github"
      },
      "original": {
        "id": "nixpkgs",
        "ref": "nixos-22.11",
        "type": "indirect"
      }
    },
    "root": {
      "inputs": {
        "nixpkgs": "nixpkgs"
      }
    }
  },
  "root": "root",
  "version": 7
}
