{
  "nodes": {
    "nixpkgs": {
      "locked": {
        "lastModified": 1676177817,
        "narHash": "sha256-OQnBnuKkpwkfNY31xQyfU5hNpLs1ilWt+hVY6ztEEOM=",
        "owner": "NixOS",
        "repo": "nixpkgs",
        "rev": "1b82144edfcd0c86486d2e07c7298f85510e7fb8",
        "type": "github"
      },
      "original": {
        "id": "nixpkgs",
        "ref": "nixos-22.11",
        "type": "indirect"
      }
    },
    "root": {
      "inputs": {
        "nixpkgs": "nixpkgs"
      }
    }
  },
  "root": "root",
  "version": 7
}
